{
  "version": 4,
  "terraform_version": "1.3.3",
  "serial": 24,
  "lineage": "1618918b-7330-75a8-1588-b8ab41018254",
  "outputs": {},
  "resources": [
    {
      "mode": "data",
      "type": "digitalocean_ssh_key",
      "name": "ssh_key_name",
      "provider": "provider[\"registry.terraform.io/digitalocean/digitalocean\"]",
      "instances": [
        {
          "schema_version": 0,
          "attributes": {
            "fingerprint": "f1:dc:fc:a1:2d:db:25:ff:54:2a:d4:c2:37:c8:65:dc",
            "id": 36538415,
            "name": "DMSysOp",
            "public_key": "ssh-rsa AAAAB3NzaC1yc2EAAAADAQABAAABAQDP831XOo62M/ABRcJQF+L7M/uWLXhNkf6Mlmk/Uryg71BTjN2iDjcg7zc8j+UNJr/a+Z2XY2n/MLn1yd16+LvGn59I2CIwphwtHtJk1k/Acr1/f0ZdWyBnhZJcrk3eFuWynh4jtV0W6d/g2KHrH8/Ss8MbDicnZYRw7w4gDqmMylXo8AXFPFy1eHcs3B+h1KQQMdxnjePsn7XkqTR1mRBmlXHSGYycywoaSr6jGVEZTca+erFUwwsPEZcr67OhQ6hXs4bc79mbDBMHRIIyEWOQEkqcSkzsMN2FpepeoQY324iDf6msuqwQx4NsvDkrcU/OeqDrLDtfIGK18yFgsdkd"
          },
          "sensitive_attributes": []
        }
      ]
    },
    {
      "mode": "managed",
      "type": "digitalocean_droplet",
      "name": "jenkins",
      "provider": "provider[\"registry.terraform.io/digitalocean/digitalocean\"]",
      "instances": [
        {
          "schema_version": 1,
          "attributes": {
            "backups": false,
            "created_at": "2022-10-20T18:23:25Z",
            "disk": 60,
            "droplet_agent": null,
            "graceful_shutdown": false,
            "id": "322073234",
            "image": "ubuntu-22-04-x64",
            "ipv4_address": "64.227.25.134",
            "ipv4_address_private": "10.116.0.2",
            "ipv6": false,
            "ipv6_address": "",
            "locked": false,
            "memory": 2048,
            "monitoring": false,
            "name": "jenkins",
            "price_hourly": 0.02679,
            "price_monthly": 18,
            "private_networking": true,
            "region": "nyc1",
            "resize_disk": true,
            "size": "s-2vcpu-2gb",
            "ssh_keys": [
              "36538415"
            ],
            "status": "active",
            "tags": null,
            "timeouts": null,
            "urn": "do:droplet:322073234",
            "user_data": null,
            "vcpus": 2,
            "volume_ids": [],
            "vpc_uuid": "25f7e17d-2c45-4c52-8e45-650bda3b7931"
          },
          "sensitive_attributes": [],
          "private": "eyJlMmJmYjczMC1lY2FhLTExZTYtOGY4OC0zNDM2M2JjN2M0YzAiOnsiY3JlYXRlIjozNjAwMDAwMDAwMDAwLCJkZWxldGUiOjYwMDAwMDAwMDAwLCJ1cGRhdGUiOjM2MDAwMDAwMDAwMDB9LCJzY2hlbWFfdmVyc2lvbiI6IjEifQ==",
          "dependencies": [
            "data.digitalocean_ssh_key.ssh_key_name"
          ]
        }
      ]
    },
    {
      "mode": "managed",
      "type": "digitalocean_kubernetes_cluster",
      "name": "k8s",
      "provider": "provider[\"registry.terraform.io/digitalocean/digitalocean\"]",
      "instances": []
    },
    {
      "mode": "managed",
      "type": "local_file",
      "name": "name",
      "provider": "provider[\"registry.terraform.io/hashicorp/local\"]",
      "instances": []
    }
  ],
  "check_results": null
}
